
Microsoft Visual Studio Solution File, Format Version 12.00
# Visual Studio Version 17
VisualStudioVersion = 17.5.33530.505
MinimumVisualStudioVersion = 10.0.40219.1
Project("{FAE04EC0-301F-11D3-BF4B-00C04F79EFBC}") = "TestQRcode", "TestQRcode\TestQRcode.csproj", "{782DF291-3757-46C1-B800-33B7810C348A}"
EndProject
Global
	GlobalSection(SolutionConfigurationPlatforms) = preSolution
		Debug|Any CPU = Debug|Any CPU
		Release|Any CPU = Release|Any CPU
	EndGlobalSection
	GlobalSection(ProjectConfigurationPlatforms) = postSolution
		{782DF291-3757-46C1-B800-33B7810C348A}.Debug|Any CPU.ActiveCfg = Debug|Any CPU
		{782DF291-3757-46C1-B800-33B7810C348A}.Debug|Any CPU.Build.0 = Debug|Any CPU
		{782DF291-3757-46C1-B800-33B7810C348A}.Release|Any CPU.ActiveCfg = Release|Any CPU
		{782DF291-3757-46C1-B800-33B7810C348A}.Release|Any CPU.Build.0 = Release|Any CPU
	EndGlobalSection
	GlobalSection(SolutionProperties) = preSolution
		HideSolutionNode = FALSE
	EndGlobalSection
	GlobalSection(ExtensibilityGlobals) = postSolution
		SolutionGuid = {20064516-3A4A-4665-A872-7EFC0BCDC220}
	EndGlobalSection
EndGlobal
